// !$*UTF8*$!
{
	archiveVersion = 1;
	classes = {
	};
	objectVersion = 46;
	objects = {

/* Begin PBXBuildFile section */
		300B99AE1DF232DA009F6EFC /* AppDelegate.swift in Sources */ = {isa = PBXBuildFile; fileRef = 300B99AD1DF232DA009F6EFC /* AppDelegate.swift */; };
		300B99B01DF232DA009F6EFC /* ViewController.swift in Sources */ = {isa = PBXBuildFile; fileRef = 300B99AF1DF232DA009F6EFC /* ViewController.swift */; };
		300B99B31DF232DA009F6EFC /* Main.storyboard in Resources */ = {isa = PBXBuildFile; fileRef = 300B99B11DF232DA009F6EFC /* Main.storyboard */; };
		300B99B51DF232DA009F6EFC /* Assets.xcassets in Resources */ = {isa = PBXBuildFile; fileRef = 300B99B41DF232DA009F6EFC /* Assets.xcassets */; };
		300B99B81DF232DA009F6EFC /* LaunchScreen.storyboard in Resources */ = {isa = PBXBuildFile; fileRef = 300B99B61DF232DA009F6EFC /* LaunchScreen.storyboard */; };
		300B99C31DF232DA009F6EFC /* Photo_Search_ExampleTests.swift in Sources */ = {isa = PBXBuildFile; fileRef = 300B99C21DF232DA009F6EFC /* Photo_Search_ExampleTests.swift */; };
		300B99CE1DF232DA009F6EFC /* Photo_Search_ExampleUITests.swift in Sources */ = {isa = PBXBuildFile; fileRef = 300B99CD1DF232DA009F6EFC /* Photo_Search_ExampleUITests.swift */; };
		30D46D591DF5BDB2002C3766 /* SwiftyJSON.swift in Sources */ = {isa = PBXBuildFile; fileRef = 30D46D581DF5BDB2002C3766 /* SwiftyJSON.swift */; };
		30D46D861DF72D93002C3766 /* AFHTTPSessionManager.m in Sources */ = {isa = PBXBuildFile; fileRef = 30D46D7A1DF72D93002C3766 /* AFHTTPSessionManager.m */; };
		30D46D871DF72D93002C3766 /* AFNetworkReachabilityManager.m in Sources */ = {isa = PBXBuildFile; fileRef = 30D46D7D1DF72D93002C3766 /* AFNetworkReachabilityManager.m */; };
		30D46D881DF72D93002C3766 /* AFSecurityPolicy.m in Sources */ = {isa = PBXBuildFile; fileRef = 30D46D7F1DF72D93002C3766 /* AFSecurityPolicy.m */; };
		30D46D891DF72D93002C3766 /* AFURLRequestSerialization.m in Sources */ = {isa = PBXBuildFile; fileRef = 30D46D811DF72D93002C3766 /* AFURLRequestSerialization.m */; };
		30D46D8A1DF72D93002C3766 /* AFURLResponseSerialization.m in Sources */ = {isa = PBXBuildFile; fileRef = 30D46D831DF72D93002C3766 /* AFURLResponseSerialization.m */; };
		30D46D8B1DF72D93002C3766 /* AFURLSessionManager.m in Sources */ = {isa = PBXBuildFile; fileRef = 30D46D851DF72D93002C3766 /* AFURLSessionManager.m */; };
		30D46DA11DF72DC7002C3766 /* AFAutoPurgingImageCache.m in Sources */ = {isa = PBXBuildFile; fileRef = 30D46D8E1DF72DC7002C3766 /* AFAutoPurgingImageCache.m */; };
		30D46DA21DF72DC7002C3766 /* AFImageDownloader.m in Sources */ = {isa = PBXBuildFile; fileRef = 30D46D901DF72DC7002C3766 /* AFImageDownloader.m */; };
		30D46DA31DF72DC7002C3766 /* AFNetworkActivityIndicatorManager.m in Sources */ = {isa = PBXBuildFile; fileRef = 30D46D921DF72DC7002C3766 /* AFNetworkActivityIndicatorManager.m */; };
		30D46DA41DF72DC7002C3766 /* UIActivityIndicatorView+AFNetworking.m in Sources */ = {isa = PBXBuildFile; fileRef = 30D46D941DF72DC7002C3766 /* UIActivityIndicatorView+AFNetworking.m */; };
		30D46DA51DF72DC7002C3766 /* UIButton+AFNetworking.m in Sources */ = {isa = PBXBuildFile; fileRef = 30D46D961DF72DC7002C3766 /* UIButton+AFNetworking.m */; };
		30D46DA61DF72DC7002C3766 /* UIImageView+AFNetworking.m in Sources */ = {isa = PBXBuildFile; fileRef = 30D46D991DF72DC7002C3766 /* UIImageView+AFNetworking.m */; };
		30D46DA71DF72DC7002C3766 /* UIProgressView+AFNetworking.m in Sources */ = {isa = PBXBuildFile; fileRef = 30D46D9C1DF72DC7002C3766 /* UIProgressView+AFNetworking.m */; };
		30D46DA81DF72DC7002C3766 /* UIRefreshControl+AFNetworking.m in Sources */ = {isa = PBXBuildFile; fileRef = 30D46D9E1DF72DC7002C3766 /* UIRefreshControl+AFNetworking.m */; };
		30D46DA91DF72DC7002C3766 /* UIWebView+AFNetworking.m in Sources */ = {isa = PBXBuildFile; fileRef = 30D46DA01DF72DC7002C3766 /* UIWebView+AFNetworking.m */; };
/* End PBXBuildFile section */

/* Begin PBXContainerItemProxy section */
		300B99BF1DF232DA009F6EFC /* PBXContainerItemProxy */ = {
			isa = PBXContainerItemProxy;
			containerPortal = 300B99A21DF232DA009F6EFC /* Project object */;
			proxyType = 1;
			remoteGlobalIDString = 300B99A91DF232DA009F6EFC;
			remoteInfo = "Photo Search Example";
		};
		300B99CA1DF232DA009F6EFC /* PBXContainerItemProxy */ = {
			isa = PBXContainerItemProxy;
			containerPortal = 300B99A21DF232DA009F6EFC /* Project object */;
			proxyType = 1;
			remoteGlobalIDString = 300B99A91DF232DA009F6EFC;
			remoteInfo = "Photo Search Example";
		};
/* End PBXContainerItemProxy section */

/* Begin PBXFileReference section */
		300B99AA1DF232DA009F6EFC /* Photo Search Example.app */ = {isa = PBXFileReference; explicitFileType = wrapper.application; includeInIndex = 0; path = "Photo Search Example.app"; sourceTree = BUILT_PRODUCTS_DIR; };
		300B99AD1DF232DA009F6EFC /* AppDelegate.swift */ = {isa = PBXFileReference; lastKnownFileType = sourcecode.swift; path = AppDelegate.swift; sourceTree = "<group>"; };
		300B99AF1DF232DA009F6EFC /* ViewController.swift */ = {isa = PBXFileReference; lastKnownFileType = sourcecode.swift; path = ViewController.swift; sourceTree = "<group>"; };
		300B99B21DF232DA009F6EFC /* Base */ = {isa = PBXFileReference; lastKnownFileType = file.storyboard; name = Base; path = Base.lproj/Main.storyboard; sourceTree = "<group>"; };
		300B99B41DF232DA009F6EFC /* Assets.xcassets */ = {isa = PBXFileReference; lastKnownFileType = folder.assetcatalog; path = Assets.xcassets; sourceTree = "<group>"; };
		300B99B71DF232DA009F6EFC /* Base */ = {isa = PBXFileReference; lastKnownFileType = file.storyboard; name = Base; path = Base.lproj/LaunchScreen.storyboard; sourceTree = "<group>"; };
		300B99B91DF232DA009F6EFC /* Info.plist */ = {isa = PBXFileReference; lastKnownFileType = text.plist.xml; path = Info.plist; sourceTree = "<group>"; };
		300B99BE1DF232DA009F6EFC /* Photo Search ExampleTests.xctest */ = {isa = PBXFileReference; explicitFileType = wrapper.cfbundle; includeInIndex = 0; path = "Photo Search ExampleTests.xctest"; sourceTree = BUILT_PRODUCTS_DIR; };
		300B99C21DF232DA009F6EFC /* Photo_Search_ExampleTests.swift */ = {isa = PBXFileReference; lastKnownFileType = sourcecode.swift; path = Photo_Search_ExampleTests.swift; sourceTree = "<group>"; };
		300B99C41DF232DA009F6EFC /* Info.plist */ = {isa = PBXFileReference; lastKnownFileType = text.plist.xml; path = Info.plist; sourceTree = "<group>"; };
		300B99C91DF232DA009F6EFC /* Photo Search ExampleUITests.xctest */ = {isa = PBXFileReference; explicitFileType = wrapper.cfbundle; includeInIndex = 0; path = "Photo Search ExampleUITests.xctest"; sourceTree = BUILT_PRODUCTS_DIR; };
		300B99CD1DF232DA009F6EFC /* Photo_Search_ExampleUITests.swift */ = {isa = PBXFileReference; lastKnownFileType = sourcecode.swift; path = Photo_Search_ExampleUITests.swift; sourceTree = "<group>"; };
		300B99CF1DF232DA009F6EFC /* Info.plist */ = {isa = PBXFileReference; lastKnownFileType = text.plist.xml; path = Info.plist; sourceTree = "<group>"; };
		30D46D2E1DF5B455002C3766 /* Photo Search Example Bridge.h */ = {isa = PBXFileReference; fileEncoding = 4; lastKnownFileType = sourcecode.c.h; path = "Photo Search Example Bridge.h"; sourceTree = "<group>"; };
		30D46D581DF5BDB2002C3766 /* SwiftyJSON.swift */ = {isa = PBXFileReference; fileEncoding = 4; lastKnownFileType = sourcecode.swift; name = SwiftyJSON.swift; path = AFNetworking/SwiftyJSON.swift; sourceTree = "<group>"; };
		30D46D791DF72D93002C3766 /* AFHTTPSessionManager.h */ = {isa = PBXFileReference; fileEncoding = 4; lastKnownFileType = sourcecode.c.h; path = AFHTTPSessionManager.h; sourceTree = "<group>"; };
		30D46D7A1DF72D93002C3766 /* AFHTTPSessionManager.m */ = {isa = PBXFileReference; fileEncoding = 4; lastKnownFileType = sourcecode.c.objc; path = AFHTTPSessionManager.m; sourceTree = "<group>"; };
		30D46D7B1DF72D93002C3766 /* AFNetworking.h */ = {isa = PBXFileReference; fileEncoding = 4; lastKnownFileType = sourcecode.c.h; path = AFNetworking.h; sourceTree = "<group>"; };
		30D46D7C1DF72D93002C3766 /* AFNetworkReachabilityManager.h */ = {isa = PBXFileReference; fileEncoding = 4; lastKnownFileType = sourcecode.c.h; path = AFNetworkReachabilityManager.h; sourceTree = "<group>"; };
		30D46D7D1DF72D93002C3766 /* AFNetworkReachabilityManager.m */ = {isa = PBXFileReference; fileEncoding = 4; lastKnownFileType = sourcecode.c.objc; path = AFNetworkReachabilityManager.m; sourceTree = "<group>"; };
		30D46D7E1DF72D93002C3766 /* AFSecurityPolicy.h */ = {isa = PBXFileReference; fileEncoding = 4; lastKnownFileType = sourcecode.c.h; path = AFSecurityPolicy.h; sourceTree = "<group>"; };
		30D46D7F1DF72D93002C3766 /* AFSecurityPolicy.m */ = {isa = PBXFileReference; fileEncoding = 4; lastKnownFileType = sourcecode.c.objc; path = AFSecurityPolicy.m; sourceTree = "<group>"; };
		30D46D801DF72D93002C3766 /* AFURLRequestSerialization.h */ = {isa = PBXFileReference; fileEncoding = 4; lastKnownFileType = sourcecode.c.h; path = AFURLRequestSerialization.h; sourceTree = "<group>"; };
		30D46D811DF72D93002C3766 /* AFURLRequestSerialization.m */ = {isa = PBXFileReference; fileEncoding = 4; lastKnownFileType = sourcecode.c.objc; path = AFURLRequestSerialization.m; sourceTree = "<group>"; };
		30D46D821DF72D93002C3766 /* AFURLResponseSerialization.h */ = {isa = PBXFileReference; fileEncoding = 4; lastKnownFileType = sourcecode.c.h; path = AFURLResponseSerialization.h; sourceTree = "<group>"; };
		30D46D831DF72D93002C3766 /* AFURLResponseSerialization.m */ = {isa = PBXFileReference; fileEncoding = 4; lastKnownFileType = sourcecode.c.objc; path = AFURLResponseSerialization.m; sourceTree = "<group>"; };
		30D46D841DF72D93002C3766 /* AFURLSessionManager.h */ = {isa = PBXFileReference; fileEncoding = 4; lastKnownFileType = sourcecode.c.h; path = AFURLSessionManager.h; sourceTree = "<group>"; };
		30D46D851DF72D93002C3766 /* AFURLSessionManager.m */ = {isa = PBXFileReference; fileEncoding = 4; lastKnownFileType = sourcecode.c.objc; path = AFURLSessionManager.m; sourceTree = "<group>"; };
		30D46D8D1DF72DC7002C3766 /* AFAutoPurgingImageCache.h */ = {isa = PBXFileReference; fileEncoding = 4; lastKnownFileType = sourcecode.c.h; path = AFAutoPurgingImageCache.h; sourceTree = "<group>"; };
		30D46D8E1DF72DC7002C3766 /* AFAutoPurgingImageCache.m */ = {isa = PBXFileReference; fileEncoding = 4; lastKnownFileType = sourcecode.c.objc; path = AFAutoPurgingImageCache.m; sourceTree = "<group>"; };
		30D46D8F1DF72DC7002C3766 /* AFImageDownloader.h */ = {isa = PBXFileReference; fileEncoding = 4; lastKnownFileType = sourcecode.c.h; path = AFImageDownloader.h; sourceTree = "<group>"; };
		30D46D901DF72DC7002C3766 /* AFImageDownloader.m */ = {isa = PBXFileReference; fileEncoding = 4; lastKnownFileType = sourcecode.c.objc; path = AFImageDownloader.m; sourceTree = "<group>"; };
		30D46D911DF72DC7002C3766 /* AFNetworkActivityIndicatorManager.h */ = {isa = PBXFileReference; fileEncoding = 4; lastKnownFileType = sourcecode.c.h; path = AFNetworkActivityIndicatorManager.h; sourceTree = "<group>"; };
		30D46D921DF72DC7002C3766 /* AFNetworkActivityIndicatorManager.m */ = {isa = PBXFileReference; fileEncoding = 4; lastKnownFileType = sourcecode.c.objc; path = AFNetworkActivityIndicatorManager.m; sourceTree = "<group>"; };
		30D46D931DF72DC7002C3766 /* UIActivityIndicatorView+AFNetworking.h */ = {isa = PBXFileReference; fileEncoding = 4; lastKnownFileType = sourcecode.c.h; path = "UIActivityIndicatorView+AFNetworking.h"; sourceTree = "<group>"; };
		30D46D941DF72DC7002C3766 /* UIActivityIndicatorView+AFNetworking.m */ = {isa = PBXFileReference; fileEncoding = 4; lastKnownFileType = sourcecode.c.objc; path = "UIActivityIndicatorView+AFNetworking.m"; sourceTree = "<group>"; };
		30D46D951DF72DC7002C3766 /* UIButton+AFNetworking.h */ = {isa = PBXFileReference; fileEncoding = 4; lastKnownFileType = sourcecode.c.h; path = "UIButton+AFNetworking.h"; sourceTree = "<group>"; };
		30D46D961DF72DC7002C3766 /* UIButton+AFNetworking.m */ = {isa = PBXFileReference; fileEncoding = 4; lastKnownFileType = sourcecode.c.objc; path = "UIButton+AFNetworking.m"; sourceTree = "<group>"; };
		30D46D971DF72DC7002C3766 /* UIImage+AFNetworking.h */ = {isa = PBXFileReference; fileEncoding = 4; lastKnownFileType = sourcecode.c.h; path = "UIImage+AFNetworking.h"; sourceTree = "<group>"; };
		30D46D981DF72DC7002C3766 /* UIImageView+AFNetworking.h */ = {isa = PBXFileReference; fileEncoding = 4; lastKnownFileType = sourcecode.c.h; path = "UIImageView+AFNetworking.h"; sourceTree = "<group>"; };
		30D46D991DF72DC7002C3766 /* UIImageView+AFNetworking.m */ = {isa = PBXFileReference; fileEncoding = 4; lastKnownFileType = sourcecode.c.objc; path = "UIImageView+AFNetworking.m"; sourceTree = "<group>"; };
		30D46D9A1DF72DC7002C3766 /* UIKit+AFNetworking.h */ = {isa = PBXFileReference; fileEncoding = 4; lastKnownFileType = sourcecode.c.h; path = "UIKit+AFNetworking.h"; sourceTree = "<group>"; };
		30D46D9B1DF72DC7002C3766 /* UIProgressView+AFNetworking.h */ = {isa = PBXFileReference; fileEncoding = 4; lastKnownFileType = sourcecode.c.h; path = "UIProgressView+AFNetworking.h"; sourceTree = "<group>"; };
		30D46D9C1DF72DC7002C3766 /* UIProgressView+AFNetworking.m */ = {isa = PBXFileReference; fileEncoding = 4; lastKnownFileType = sourcecode.c.objc; path = "UIProgressView+AFNetworking.m"; sourceTree = "<group>"; };
		30D46D9D1DF72DC7002C3766 /* UIRefreshControl+AFNetworking.h */ = {isa = PBXFileReference; fileEncoding = 4; lastKnownFileType = sourcecode.c.h; path = "UIRefreshControl+AFNetworking.h"; sourceTree = "<group>"; };
		30D46D9E1DF72DC7002C3766 /* UIRefreshControl+AFNetworking.m */ = {isa = PBXFileReference; fileEncoding = 4; lastKnownFileType = sourcecode.c.objc; path = "UIRefreshControl+AFNetworking.m"; sourceTree = "<group>"; };
		30D46D9F1DF72DC7002C3766 /* UIWebView+AFNetworking.h */ = {isa = PBXFileReference; fileEncoding = 4; lastKnownFileType = sourcecode.c.h; path = "UIWebView+AFNetworking.h"; sourceTree = "<group>"; };
		30D46DA01DF72DC7002C3766 /* UIWebView+AFNetworking.m */ = {isa = PBXFileReference; fileEncoding = 4; lastKnownFileType = sourcecode.c.objc; path = "UIWebView+AFNetworking.m"; sourceTree = "<group>"; };
/* End PBXFileReference section */

/* Begin PBXFrameworksBuildPhase section */
		300B99A71DF232DA009F6EFC /* Frameworks */ = {
			isa = PBXFrameworksBuildPhase;
			buildActionMask = 2147483647;
			files = (
			);
			runOnlyForDeploymentPostprocessing = 0;
		};
		300B99BB1DF232DA009F6EFC /* Frameworks */ = {
			isa = PBXFrameworksBuildPhase;
			buildActionMask = 2147483647;
			files = (
			);
			runOnlyForDeploymentPostprocessing = 0;
		};
		300B99C61DF232DA009F6EFC /* Frameworks */ = {
			isa = PBXFrameworksBuildPhase;
			buildActionMask = 2147483647;
			files = (
			);
			runOnlyForDeploymentPostprocessing = 0;
		};
/* End PBXFrameworksBuildPhase section */

/* Begin PBXGroup section */
		300B99A11DF232DA009F6EFC = {
			isa = PBXGroup;
			children = (
				30D46D2E1DF5B455002C3766 /* Photo Search Example Bridge.h */,
				300B99AC1DF232DA009F6EFC /* Photo Search Example */,
				300B99C11DF232DA009F6EFC /* Photo Search ExampleTests */,
				300B99CC1DF232DA009F6EFC /* Photo Search ExampleUITests */,
				300B99AB1DF232DA009F6EFC /* Products */,
				30D46D8C1DF72DC7002C3766 /* UIKit+AFNetworking */,
				30D46D781DF72D93002C3766 /* AFNetworking */,
			);
			sourceTree = "<group>";
		};
		300B99AB1DF232DA009F6EFC /* Products */ = {
			isa = PBXGroup;
			children = (
				300B99AA1DF232DA009F6EFC /* Photo Search Example.app */,
				300B99BE1DF232DA009F6EFC /* Photo Search ExampleTests.xctest */,
				300B99C91DF232DA009F6EFC /* Photo Search ExampleUITests.xctest */,
			);
			name = Products;
			sourceTree = "<group>";
		};
		300B99AC1DF232DA009F6EFC /* Photo Search Example */ = {
			isa = PBXGroup;
			children = (
				300B99AD1DF232DA009F6EFC /* AppDelegate.swift */,
				300B99AF1DF232DA009F6EFC /* ViewController.swift */,
				300B99B11DF232DA009F6EFC /* Main.storyboard */,
				300B99B41DF232DA009F6EFC /* Assets.xcassets */,
				300B99B61DF232DA009F6EFC /* LaunchScreen.storyboard */,
				300B99B91DF232DA009F6EFC /* Info.plist */,
				30D46D581DF5BDB2002C3766 /* SwiftyJSON.swift */,
			);
			path = "Photo Search Example";
			sourceTree = "<group>";
		};
		300B99C11DF232DA009F6EFC /* Photo Search ExampleTests */ = {
			isa = PBXGroup;
			children = (
				300B99C21DF232DA009F6EFC /* Photo_Search_ExampleTests.swift */,
				300B99C41DF232DA009F6EFC /* Info.plist */,
			);
			path = "Photo Search ExampleTests";
			sourceTree = "<group>";
		};
		300B99CC1DF232DA009F6EFC /* Photo Search ExampleUITests */ = {
			isa = PBXGroup;
			children = (
				300B99CD1DF232DA009F6EFC /* Photo_Search_ExampleUITests.swift */,
				300B99CF1DF232DA009F6EFC /* Info.plist */,
			);
			path = "Photo Search ExampleUITests";
			sourceTree = "<group>";
		};
		30D46D781DF72D93002C3766 /* AFNetworking */ = {
			isa = PBXGroup;
			children = (
				30D46D791DF72D93002C3766 /* AFHTTPSessionManager.h */,
				30D46D7A1DF72D93002C3766 /* AFHTTPSessionManager.m */,
				30D46D7B1DF72D93002C3766 /* AFNetworking.h */,
				30D46D7C1DF72D93002C3766 /* AFNetworkReachabilityManager.h */,
				30D46D7D1DF72D93002C3766 /* AFNetworkReachabilityManager.m */,
				30D46D7E1DF72D93002C3766 /* AFSecurityPolicy.h */,
				30D46D7F1DF72D93002C3766 /* AFSecurityPolicy.m */,
				30D46D801DF72D93002C3766 /* AFURLRequestSerialization.h */,
				30D46D811DF72D93002C3766 /* AFURLRequestSerialization.m */,
				30D46D821DF72D93002C3766 /* AFURLResponseSerialization.h */,
				30D46D831DF72D93002C3766 /* AFURLResponseSerialization.m */,
				30D46D841DF72D93002C3766 /* AFURLSessionManager.h */,
				30D46D851DF72D93002C3766 /* AFURLSessionManager.m */,
			);
			path = AFNetworking;
			sourceTree = "<group>";
		};
		30D46D8C1DF72DC7002C3766 /* UIKit+AFNetworking */ = {
			isa = PBXGroup;
			children = (
				30D46D8D1DF72DC7002C3766 /* AFAutoPurgingImageCache.h */,
				30D46D8E1DF72DC7002C3766 /* AFAutoPurgingImageCache.m */,
				30D46D8F1DF72DC7002C3766 /* AFImageDownloader.h */,
				30D46D901DF72DC7002C3766 /* AFImageDownloader.m */,
				30D46D911DF72DC7002C3766 /* AFNetworkActivityIndicatorManager.h */,
				30D46D921DF72DC7002C3766 /* AFNetworkActivityIndicatorManager.m */,
				30D46D931DF72DC7002C3766 /* UIActivityIndicatorView+AFNetworking.h */,
				30D46D941DF72DC7002C3766 /* UIActivityIndicatorView+AFNetworking.m */,
				30D46D951DF72DC7002C3766 /* UIButton+AFNetworking.h */,
				30D46D961DF72DC7002C3766 /* UIButton+AFNetworking.m */,
				30D46D971DF72DC7002C3766 /* UIImage+AFNetworking.h */,
				30D46D981DF72DC7002C3766 /* UIImageView+AFNetworking.h */,
				30D46D991DF72DC7002C3766 /* UIImageView+AFNetworking.m */,
				30D46D9A1DF72DC7002C3766 /* UIKit+AFNetworking.h */,
				30D46D9B1DF72DC7002C3766 /* UIProgressView+AFNetworking.h */,
				30D46D9C1DF72DC7002C3766 /* UIProgressView+AFNetworking.m */,
				30D46D9D1DF72DC7002C3766 /* UIRefreshControl+AFNetworking.h */,
				30D46D9E1DF72DC7002C3766 /* UIRefreshControl+AFNetworking.m */,
				30D46D9F1DF72DC7002C3766 /* UIWebView+AFNetworking.h */,
				30D46DA01DF72DC7002C3766 /* UIWebView+AFNetworking.m */,
			);
			path = "UIKit+AFNetworking";
			sourceTree = "<group>";
		};
/* End PBXGroup section */

/* Begin PBXNativeTarget section */
		300B99A91DF232DA009F6EFC /* Photo Search Example */ = {
			isa = PBXNativeTarget;
			buildConfigurationList = 300B99D21DF232DA009F6EFC /* Build configuration list for PBXNativeTarget "Photo Search Example" */;
			buildPhases = (
				300B99A61DF232DA009F6EFC /* Sources */,
				300B99A71DF232DA009F6EFC /* Frameworks */,
				300B99A81DF232DA009F6EFC /* Resources */,
			);
			buildRules = (
			);
			dependencies = (
			);
			name = "Photo Search Example";
			productName = "Photo Search Example";
			productReference = 300B99AA1DF232DA009F6EFC /* Photo Search Example.app */;
			productType = "com.apple.product-type.application";
		};
		300B99BD1DF232DA009F6EFC /* Photo Search ExampleTests */ = {
			isa = PBXNativeTarget;
			buildConfigurationList = 300B99D51DF232DA009F6EFC /* Build configuration list for PBXNativeTarget "Photo Search ExampleTests" */;
			buildPhases = (
				300B99BA1DF232DA009F6EFC /* Sources */,
				300B99BB1DF232DA009F6EFC /* Frameworks */,
				300B99BC1DF232DA009F6EFC /* Resources */,
			);
			buildRules = (
			);
			dependencies = (
				300B99C01DF232DA009F6EFC /* PBXTargetDependency */,
			);
			name = "Photo Search ExampleTests";
			productName = "Photo Search ExampleTests";
			productReference = 300B99BE1DF232DA009F6EFC /* Photo Search ExampleTests.xctest */;
			productType = "com.apple.product-type.bundle.unit-test";
		};
		300B99C81DF232DA009F6EFC /* Photo Search ExampleUITests */ = {
			isa = PBXNativeTarget;
			buildConfigurationList = 300B99D81DF232DA009F6EFC /* Build configuration list for PBXNativeTarget "Photo Search ExampleUITests" */;
			buildPhases = (
				300B99C51DF232DA009F6EFC /* Sources */,
				300B99C61DF232DA009F6EFC /* Frameworks */,
				300B99C71DF232DA009F6EFC /* Resources */,
			);
			buildRules = (
			);
			dependencies = (
				300B99CB1DF232DA009F6EFC /* PBXTargetDependency */,
			);
			name = "Photo Search ExampleUITests";
			productName = "Photo Search ExampleUITests";
			productReference = 300B99C91DF232DA009F6EFC /* Photo Search ExampleUITests.xctest */;
			productType = "com.apple.product-type.bundle.ui-testing";
		};
/* End PBXNativeTarget section */

/* Begin PBXProject section */
		300B99A21DF232DA009F6EFC /* Project object */ = {
			isa = PBXProject;
			attributes = {
				LastSwiftUpdateCheck = 0810;
				LastUpgradeCheck = 0810;
				ORGANIZATIONNAME = "David Shapiro";
				TargetAttributes = {
					300B99A91DF232DA009F6EFC = {
						CreatedOnToolsVersion = 8.1;
						ProvisioningStyle = Automatic;
					};
					300B99BD1DF232DA009F6EFC = {
						CreatedOnToolsVersion = 8.1;
						ProvisioningStyle = Automatic;
						TestTargetID = 300B99A91DF232DA009F6EFC;
					};
					300B99C81DF232DA009F6EFC = {
						CreatedOnToolsVersion = 8.1;
						ProvisioningStyle = Automatic;
						TestTargetID = 300B99A91DF232DA009F6EFC;
					};
				};
			};
			buildConfigurationList = 300B99A51DF232DA009F6EFC /* Build configuration list for PBXProject "Photo Search Example" */;
			compatibilityVersion = "Xcode 3.2";
			developmentRegion = English;
			hasScannedForEncodings = 0;
			knownRegions = (
				en,
				Base,
			);
			mainGroup = 300B99A11DF232DA009F6EFC;
			productRefGroup = 300B99AB1DF232DA009F6EFC /* Products */;
			projectDirPath = "";
			projectRoot = "";
			targets = (
				300B99A91DF232DA009F6EFC /* Photo Search Example */,
				300B99BD1DF232DA009F6EFC /* Photo Search ExampleTests */,
				300B99C81DF232DA009F6EFC /* Photo Search ExampleUITests */,
			);
		};
/* End PBXProject section */

/* Begin PBXResourcesBuildPhase section */
		300B99A81DF232DA009F6EFC /* Resources */ = {
			isa = PBXResourcesBuildPhase;
			buildActionMask = 2147483647;
			files = (
				300B99B81DF232DA009F6EFC /* LaunchScreen.storyboard in Resources */,
				300B99B51DF232DA009F6EFC /* Assets.xcassets in Resources */,
				300B99B31DF232DA009F6EFC /* Main.storyboard in Resources */,
			);
			runOnlyForDeploymentPostprocessing = 0;
		};
		300B99BC1DF232DA009F6EFC /* Resources */ = {
			isa = PBXResourcesBuildPhase;
			buildActionMask = 2147483647;
			files = (
			);
			runOnlyForDeploymentPostprocessing = 0;
		};
		300B99C71DF232DA009F6EFC /* Resources */ = {
			isa = PBXResourcesBuildPhase;
			buildActionMask = 2147483647;
			files = (
			);
			runOnlyForDeploymentPostprocessing = 0;
		};
/* End PBXResourcesBuildPhase section */

/* Begin PBXSourcesBuildPhase section */
		300B99A61DF232DA009F6EFC /* Sources */ = {
			isa = PBXSourcesBuildPhase;
			buildActionMask = 2147483647;
			files = (
				30D46DA71DF72DC7002C3766 /* UIProgressView+AFNetworking.m in Sources */,
				30D46D8B1DF72D93002C3766 /* AFURLSessionManager.m in Sources */,
				30D46DA91DF72DC7002C3766 /* UIWebView+AFNetworking.m in Sources */,
				30D46DA61DF72DC7002C3766 /* UIImageView+AFNetworking.m in Sources */,
				300B99B01DF232DA009F6EFC /* ViewController.swift in Sources */,
				30D46DA51DF72DC7002C3766 /* UIButton+AFNetworking.m in Sources */,
				30D46D591DF5BDB2002C3766 /* SwiftyJSON.swift in Sources */,
				30D46D871DF72D93002C3766 /* AFNetworkReachabilityManager.m in Sources */,
				30D46DA81DF72DC7002C3766 /* UIRefreshControl+AFNetworking.m in Sources */,
				300B99AE1DF232DA009F6EFC /* AppDelegate.swift in Sources */,
				30D46DA11DF72DC7002C3766 /* AFAutoPurgingImageCache.m in Sources */,
				30D46D881DF72D93002C3766 /* AFSecurityPolicy.m in Sources */,
				30D46D891DF72D93002C3766 /* AFURLRequestSerialization.m in Sources */,
				30D46DA31DF72DC7002C3766 /* AFNetworkActivityIndicatorManager.m in Sources */,
				30D46D8A1DF72D93002C3766 /* AFURLResponseSerialization.m in Sources */,
				30D46D861DF72D93002C3766 /* AFHTTPSessionManager.m in Sources */,
				30D46DA21DF72DC7002C3766 /* AFImageDownloader.m in Sources */,
				30D46DA41DF72DC7002C3766 /* UIActivityIndicatorView+AFNetworking.m in Sources */,
			);
			runOnlyForDeploymentPostprocessing = 0;
		};
		300B99BA1DF232DA009F6EFC /* Sources */ = {
			isa = PBXSourcesBuildPhase;
			buildActionMask = 2147483647;
			files = (
				300B99C31DF232DA009F6EFC /* Photo_Search_ExampleTests.swift in Sources */,
			);
			runOnlyForDeploymentPostprocessing = 0;
		};
		300B99C51DF232DA009F6EFC /* Sources */ = {
			isa = PBXSourcesBuildPhase;
			buildActionMask = 2147483647;
			files = (
				300B99CE1DF232DA009F6EFC /* Photo_Search_ExampleUITests.swift in Sources */,
			);
			runOnlyForDeploymentPostprocessing = 0;
		};
/* End PBXSourcesBuildPhase section */

/* Begin PBXTargetDependency section */
		300B99C01DF232DA009F6EFC /* PBXTargetDependency */ = {
			isa = PBXTargetDependency;
			target = 300B99A91DF232DA009F6EFC /* Photo Search Example */;
			targetProxy = 300B99BF1DF232DA009F6EFC /* PBXContainerItemProxy */;
		};
		300B99CB1DF232DA009F6EFC /* PBXTargetDependency */ = {
			isa = PBXTargetDependency;
			target = 300B99A91DF232DA009F6EFC /* Photo Search Example */;
			targetProxy = 300B99CA1DF232DA009F6EFC /* PBXContainerItemProxy */;
		};
/* End PBXTargetDependency section */

/* Begin PBXVariantGroup section */
		300B99B11DF232DA009F6EFC /* Main.storyboard */ = {
			isa = PBXVariantGroup;
			children = (
				300B99B21DF232DA009F6EFC /* Base */,
			);
			name = Main.storyboard;
			sourceTree = "<group>";
		};
		300B99B61DF232DA009F6EFC /* LaunchScreen.storyboard */ = {
			isa = PBXVariantGroup;
			children = (
				300B99B71DF232DA009F6EFC /* Base */,
			);
			name = LaunchScreen.storyboard;
			sourceTree = "<group>";
		};
/* End PBXVariantGroup section */

/* Begin XCBuildConfiguration section */
		300B99D01DF232DA009F6EFC /* Debug */ = {
			isa = XCBuildConfiguration;
			buildSettings = {
				ALWAYS_SEARCH_USER_PATHS = NO;
				CLANG_ANALYZER_NONNULL = YES;
				CLANG_CXX_LANGUAGE_STANDARD = "gnu++0x";
				CLANG_CXX_LIBRARY = "libc++";
				CLANG_ENABLE_MODULES = YES;
				CLANG_ENABLE_OBJC_ARC = YES;
				CLANG_WARN_BOOL_CONVERSION = YES;
				CLANG_WARN_CONSTANT_CONVERSION = YES;
				CLANG_WARN_DIRECT_OBJC_ISA_USAGE = YES_ERROR;
				CLANG_WARN_DOCUMENTATION_COMMENTS = YES;
				CLANG_WARN_EMPTY_BODY = YES;
				CLANG_WARN_ENUM_CONVERSION = YES;
				CLANG_WARN_INFINITE_RECURSION = YES;
				CLANG_WARN_INT_CONVERSION = YES;
				CLANG_WARN_OBJC_ROOT_CLASS = YES_ERROR;
				CLANG_WARN_SUSPICIOUS_MOVES = YES;
				CLANG_WARN_UNREACHABLE_CODE = YES;
				CLANG_WARN__DUPLICATE_METHOD_MATCH = YES;
				"CODE_SIGN_IDENTITY[sdk=iphoneos*]" = "iPhone Developer";
				COPY_PHASE_STRIP = NO;
				DEBUG_INFORMATION_FORMAT = dwarf;
				ENABLE_STRICT_OBJC_MSGSEND = YES;
				ENABLE_TESTABILITY = YES;
				GCC_C_LANGUAGE_STANDARD = gnu99;
				GCC_DYNAMIC_NO_PIC = NO;
				GCC_NO_COMMON_BLOCKS = YES;
				GCC_OPTIMIZATION_LEVEL = 0;
				GCC_PREPROCESSOR_DEFINITIONS = (
					"DEBUG=1",
					"$(inherited)",
				);
				GCC_WARN_64_TO_32_BIT_CONVERSION = YES;
				GCC_WARN_ABOUT_RETURN_TYPE = YES_ERROR;
				GCC_WARN_UNDECLARED_SELECTOR = YES;
				GCC_WARN_UNINITIALIZED_AUTOS = YES_AGGRESSIVE;
				GCC_WARN_UNUSED_FUNCTION = YES;
				GCC_WARN_UNUSED_VARIABLE = YES;
				IPHONEOS_DEPLOYMENT_TARGET = 10.1;
				MTL_ENABLE_DEBUG_INFO = YES;
				ONLY_ACTIVE_ARCH = YES;
				SDKROOT = iphoneos;
				SWIFT_ACTIVE_COMPILATION_CONDITIONS = DEBUG;
				SWIFT_OPTIMIZATION_LEVEL = "-Onone";
			};
			name = Debug;
		};
		300B99D11DF232DA009F6EFC /* Release */ = {
			isa = XCBuildConfiguration;
			buildSettings = {
				ALWAYS_SEARCH_USER_PATHS = NO;
				CLANG_ANALYZER_NONNULL = YES;
				CLANG_CXX_LANGUAGE_STANDARD = "gnu++0x";
				CLANG_CXX_LIBRARY = "libc++";
				CLANG_ENABLE_MODULES = YES;
				CLANG_ENABLE_OBJC_ARC = YES;
				CLANG_WARN_BOOL_CONVERSION = YES;
				CLANG_WARN_CONSTANT_CONVERSION = YES;
				CLANG_WARN_DIRECT_OBJC_ISA_USAGE = YES_ERROR;
				CLANG_WARN_DOCUMENTATION_COMMENTS = YES;
				CLANG_WARN_EMPTY_BODY = YES;
				CLANG_WARN_ENUM_CONVERSION = YES;
				CLANG_WARN_INFINITE_RECURSION = YES;
				CLANG_WARN_INT_CONVERSION = YES;
				CLANG_WARN_OBJC_ROOT_CLASS = YES_ERROR;
				CLANG_WARN_SUSPICIOUS_MOVES = YES;
				CLANG_WARN_UNREACHABLE_CODE = YES;
				CLANG_WARN__DUPLICATE_METHOD_MATCH = YES;
				"CODE_SIGN_IDENTITY[sdk=iphoneos*]" = "iPhone Developer";
				COPY_PHASE_STRIP = NO;
				DEBUG_INFORMATION_FORMAT = "dwarf-with-dsym";
				ENABLE_NS_ASSERTIONS = NO;
				ENABLE_STRICT_OBJC_MSGSEND = YES;
				GCC_C_LANGUAGE_STANDARD = gnu99;
				GCC_NO_COMMON_BLOCKS = YES;
				GCC_WARN_64_TO_32_BIT_CONVERSION = YES;
				GCC_WARN_ABOUT_RETURN_TYPE = YES_ERROR;
				GCC_WARN_UNDECLARED_SELECTOR = YES;
				GCC_WARN_UNINITIALIZED_AUTOS = YES_AGGRESSIVE;
				GCC_WARN_UNUSED_FUNCTION = YES;
				GCC_WARN_UNUSED_VARIABLE = YES;
				IPHONEOS_DEPLOYMENT_TARGET = 10.1;
				MTL_ENABLE_DEBUG_INFO = NO;
				SDKROOT = iphoneos;
				SWIFT_OPTIMIZATION_LEVEL = "-Owholemodule";
				VALIDATE_PRODUCT = YES;
			};
			name = Release;
		};
		300B99D31DF232DA009F6EFC /* Debug */ = {
			isa = XCBuildConfiguration;
			buildSettings = {
				ASSETCATALOG_COMPILER_APPICON_NAME = AppIcon;
				DEFINES_MODULE = YES;
				INFOPLIST_FILE = "Photo Search Example/Info.plist";
				LD_RUNPATH_SEARCH_PATHS = "$(inherited) @executable_path/Frameworks";
				PRODUCT_BUNDLE_IDENTIFIER = "com.dshapiro.Photo-Search-Example";
				PRODUCT_NAME = "$(TARGET_NAME)";
				SWIFT_OBJC_BRIDGING_HEADER = "./Photo Search Example Bridge.h";
				SWIFT_VERSION = 3.0;
			};
			name = Debug;
		};
		300B99D41DF232DA009F6EFC /* Release */ = {
			isa = XCBuildConfiguration;
			buildSettings = {
				ASSETCATALOG_COMPILER_APPICON_NAME = AppIcon;
				DEFINES_MODULE = YES;
				INFOPLIST_FILE = "Photo Search Example/Info.plist";
				LD_RUNPATH_SEARCH_PATHS = "$(inherited) @executable_path/Frameworks";
				PRODUCT_BUNDLE_IDENTIFIER = "com.dshapiro.Photo-Search-Example";
				PRODUCT_NAME = "$(TARGET_NAME)";
				SWIFT_OBJC_BRIDGING_HEADER = "./Photo Search Example Bridge.h";
				SWIFT_VERSION = 3.0;
			};
			name = Release;
		};
		300B99D61DF232DA009F6EFC /* Debug */ = {
			isa = XCBuildConfiguration;
			buildSettings = {
				ALWAYS_EMBED_SWIFT_STANDARD_LIBRARIES = YES;
				BUNDLE_LOADER = "$(TEST_HOST)";
				INFOPLIST_FILE = "Photo Search ExampleTests/Info.plist";
				LD_RUNPATH_SEARCH_PATHS = "$(inherited) @executable_path/Frameworks @loader_path/Frameworks";
				PRODUCT_BUNDLE_IDENTIFIER = "com.dshapiro.Photo-Search-ExampleTests";
				PRODUCT_NAME = "$(TARGET_NAME)";
				SWIFT_VERSION = 3.0;
				TEST_HOST = "$(BUILT_PRODUCTS_DIR)/Photo Search Example.app/Photo Search Example";
			};
			name = Debug;
		};
		300B99D71DF232DA009F6EFC /* Release */ = {
			isa = XCBuildConfiguration;
			buildSettings = {
				ALWAYS_EMBED_SWIFT_STANDARD_LIBRARIES = YES;
				BUNDLE_LOADER = "$(TEST_HOST)";
				INFOPLIST_FILE = "Photo Search ExampleTests/Info.plist";
				LD_RUNPATH_SEARCH_PATHS = "$(inherited) @executable_path/Frameworks @loader_path/Frameworks";
				PRODUCT_BUNDLE_IDENTIFIER = "com.dshapiro.Photo-Search-ExampleTests";
				PRODUCT_NAME = "$(TARGET_NAME)";
				SWIFT_VERSION = 3.0;
				TEST_HOST = "$(BUILT_PRODUCTS_DIR)/Photo Search Example.app/Photo Search Example";
			};
			name = Release;
		};
		300B99D91DF232DA009F6EFC /* Debug */ = {
			isa = XCBuildConfiguration;
			buildSettings = {
				ALWAYS_EMBED_SWIFT_STANDARD_LIBRARIES = YES;
				INFOPLIST_FILE = "Photo Search ExampleUITests/Info.plist";
				LD_RUNPATH_SEARCH_PATHS = "$(inherited) @executable_path/Frameworks @loader_path/Frameworks";
				PRODUCT_BUNDLE_IDENTIFIER = "com.dshapiro.Photo-Search-ExampleUITests";
				PRODUCT_NAME = "$(TARGET_NAME)";
				SWIFT_VERSION = 3.0;
				TEST_TARGET_NAME = "Photo Search Example";
			};
			name = Debug;
		};
		300B99DA1DF232DA009F6EFC /* Release */ = {
			isa = XCBuildConfiguration;
			buildSettings = {
				ALWAYS_EMBED_SWIFT_STANDARD_LIBRARIES = YES;
				INFOPLIST_FILE = "Photo Search ExampleUITests/Info.plist";
				LD_RUNPATH_SEARCH_PATHS = "$(inherited) @executable_path/Frameworks @loader_path/Frameworks";
				PRODUCT_BUNDLE_IDENTIFIER = "com.dshapiro.Photo-Search-ExampleUITests";
				PRODUCT_NAME = "$(TARGET_NAME)";
				SWIFT_VERSION = 3.0;
				TEST_TARGET_NAME = "Photo Search Example";
			};
			name = Release;
		};
/* End XCBuildConfiguration section */

/* Begin XCConfigurationList section */
		300B99A51DF232DA009F6EFC /* Build configuration list for PBXProject "Photo Search Example" */ = {
			isa = XCConfigurationList;
			buildConfigurations = (
				300B99D01DF232DA009F6EFC /* Debug */,
				300B99D11DF232DA009F6EFC /* Release */,
			);
			defaultConfigurationIsVisible = 0;
			defaultConfigurationName = Release;
		};
		300B99D21DF232DA009F6EFC /* Build configuration list for PBXNativeTarget "Photo Search Example" */ = {
			isa = XCConfigurationList;
			buildConfigurations = (
				300B99D31DF232DA009F6EFC /* Debug */,
				300B99D41DF232DA009F6EFC /* Release */,
			);
			defaultConfigurationIsVisible = 0;
			defaultConfigurationName = Release;
		};
		300B99D51DF232DA009F6EFC /* Build configuration list for PBXNativeTarget "Photo Search ExampleTests" */ = {
			isa = XCConfigurationList;
			buildConfigurations = (
				300B99D61DF232DA009F6EFC /* Debug */,
				300B99D71DF232DA009F6EFC /* Release */,
			);
			defaultConfigurationIsVisible = 0;
			defaultConfigurationName = Release;
		};
		300B99D81DF232DA009F6EFC /* Build configuration list for PBXNativeTarget "Photo Search ExampleUITests" */ = {
			isa = XCConfigurationList;
			buildConfigurations = (
				300B99D91DF232DA009F6EFC /* Debug */,
				300B99DA1DF232DA009F6EFC /* Release */,
			);
			defaultConfigurationIsVisible = 0;
			defaultConfigurationName = Release;
		};
/* End XCConfigurationList section */
	};
	rootObject = 300B99A21DF232DA009F6EFC /* Project object */;
}
